# This file is autogenerated, do not edit; changes may be undone by the next 'dep ensure'.


[[projects]]
  branch = "master"
  digest = "1:86d119ee8a0fb122f2d0e0fbbbd5d2f65953029248743462ee3908a21ae04247"
  name = "github.com/andreyvit/diff"
  packages = ["."]
  pruneopts = "UT"
  revision = "c7f18ee00883bfd3b00e0a2bf7607827e0148ad4"

[[projects]]
  digest = "1:ffe9824d294da03b391f44e1ae8281281b4afc1bdaa9588c9097785e3af10cec"
  name = "github.com/davecgh/go-spew"
  packages = ["spew"]
  pruneopts = "UT"
  revision = "8991bc29aa16c548c550c7ff78260e27b9ab7c73"
  version = "v1.1.1"

[[projects]]
  digest = "1:342378ac4dcb378a5448dd723f0784ae519383532f5e70ade24132c4c8693202"
  name = "github.com/go-yaml/yaml"
  packages = ["."]
  pruneopts = "UT"
  revision = "5420a8b6744d3b0345ab293f6fcba19c978f1183"
  version = "v2.2.1"

[[projects]]
  digest = "1:7efe48dea4db6b35dcc15e15394b627247e5b3fb814242de986b746ba8e0abf0"
  name = "github.com/mattn/go-shellwords"
  packages = ["."]
  pruneopts = "UT"
  revision = "02e3cf038dcea8290e44424da473dd12be796a8a"
  version = "v1.0.3"

[[projects]]
  digest = "1:40e195917a951a8bf867cd05de2a46aaf1806c50cf92eebf4c16f78cd196f747"
  name = "github.com/pkg/errors"
  packages = ["."]
  pruneopts = "UT"
  revision = "645ef00459ed84a119197bfb8d8205042c6df63d"
  version = "v0.8.0"

[[projects]]
  digest = "1:0028cb19b2e4c3112225cd871870f2d9cf49b9b4276531f03438a88e94be86fe"
  name = "github.com/pmezard/go-difflib"
  packages = ["difflib"]
  pruneopts = "UT"
  revision = "792786c7400a136282c1664665ae0a8db921c6c2"
  version = "v1.0.0"

[[projects]]
  branch = "master"
  digest = "1:efa124a0ca36a35cc1a1b472cb0fa2be1e7d9fd1db0f8bc9a042e42e4c6405aa"
  name = "github.com/serenize/snaker"
  packages = ["."]
  pruneopts = "UT"
  revision = "a683aaf2d516deecd70cad0c72e3ca773ecfcef0"

[[projects]]
  digest = "1:d917313f309bda80d27274d53985bc65651f81a5b66b820749ac7f8ef061fd04"
  name = "github.com/sergi/go-diff"
  packages = ["diffmatchpatch"]
  pruneopts = "UT"
  revision = "1744e2970ca51c86172c8190fadad617561ed6e7"
  version = "v1.0.0"

[[projects]]
  digest = "1:18752d0b95816a1b777505a97f71c7467a8445b8ffb55631a7bf779f6ba4fa83"
  name = "github.com/stretchr/testify"
  packages = ["assert"]
  pruneopts = "UT"
  revision = "f35b8ab0b5a2cef36673838d662e249dd9c94686"
  version = "v1.2.2"

[[projects]]
  digest = "1:bb5dfdd9527f1ed766a057aeaf2e0ed7ca4eb28b21d3deb97034830f976b9e90"
  name = "github.com/suzuki-shunsuke/go-ptr"
  packages = ["."]
  pruneopts = "UT"
  revision = "974e4afeaf714a288594b077987a10416b15a03c"
  version = "v0.1.0"

[[projects]]
  digest = "1:9487d6bf901f627b9d13e8914970ddebbd726d1f3ef1e3e545619974eaefe1d9"
  name = "github.com/suzuki-shunsuke/gomic"
  packages = ["gomic"]
  pruneopts = "UT"
  revision = "46893662e68928207bc35b63f8f128c115d49b28"
  version = "v0.4.0"

[[projects]]
  digest = "1:b24d38b282bacf9791408a080f606370efa3d364e4b5fd9ba0f7b87786d3b679"
  name = "github.com/urfave/cli"
  packages = ["."]
  pruneopts = "UT"
  revision = "cfb38830724cc34fedffe9a2a29fb54fa9169cd1"
  version = "v1.20.0"

[solve-meta]
  analyzer-name = "dep"
  analyzer-version = 1
  input-imports = [
    "github.com/andreyvit/diff",
    "github.com/go-yaml/yaml",
    "github.com/mattn/go-shellwords",
    "github.com/pkg/errors",
    "github.com/serenize/snaker",
    "github.com/stretchr/testify/assert",
    "github.com/suzuki-shunsuke/go-ptr",
    "github.com/suzuki-shunsuke/gomic/gomic",
    "github.com/urfave/cli",
  ]
  solver-name = "gps-cdcl"
  solver-version = 1
